
Microsoft Visual Studio Solution File, Format Version 12.00
# Visual Studio Version 17
VisualStudioVersion = 17.5.33424.131
MinimumVisualStudioVersion = 10.0.40219.1
Project("{FAE04EC0-301F-11D3-BF4B-00C04F79EFBC}") = "OzelDers.MVC", "OzelDers.MVC\OzelDers.MVC.csproj", "{77339293-CC2F-4E61-8970-D800E7CE81E9}"
EndProject
Project("{FAE04EC0-301F-11D3-BF4B-00C04F79EFBC}") = "OzelDers.Data", "OzelDers.Data\OzelDers.Data.csproj", "{E150F80D-49D8-432A-8872-70A52C15E305}"
EndProject
Project("{FAE04EC0-301F-11D3-BF4B-00C04F79EFBC}") = "OzelDers.Entity", "OzelDers.Entity\OzelDers.Entity.csproj", "{FB65F286-FBE9-4DCC-A057-6F344BB3B28A}"
EndProject
Project("{FAE04EC0-301F-11D3-BF4B-00C04F79EFBC}") = "OzelDers.Business", "OzelDers.Business\OzelDers.Business.csproj", "{40111E59-5CB4-486C-9ABD-F3D0115BC9A4}"
EndProject
Project("{FAE04EC0-301F-11D3-BF4B-00C04F79EFBC}") = "OzelDers.Core", "OzelDers.Core\OzelDers.Core.csproj", "{3DB5023F-E4E3-41FA-8F0B-2FDBF44E96F0}"
EndProject
Global
	GlobalSection(SolutionConfigurationPlatforms) = preSolution
		Debug|Any CPU = Debug|Any CPU
		Release|Any CPU = Release|Any CPU
	EndGlobalSection
	GlobalSection(ProjectConfigurationPlatforms) = postSolution
		{77339293-CC2F-4E61-8970-D800E7CE81E9}.Debug|Any CPU.ActiveCfg = Debug|Any CPU
		{77339293-CC2F-4E61-8970-D800E7CE81E9}.Debug|Any CPU.Build.0 = Debug|Any CPU
		{77339293-CC2F-4E61-8970-D800E7CE81E9}.Release|Any CPU.ActiveCfg = Release|Any CPU
		{77339293-CC2F-4E61-8970-D800E7CE81E9}.Release|Any CPU.Build.0 = Release|Any CPU
		{E150F80D-49D8-432A-8872-70A52C15E305}.Debug|Any CPU.ActiveCfg = Debug|Any CPU
		{E150F80D-49D8-432A-8872-70A52C15E305}.Debug|Any CPU.Build.0 = Debug|Any CPU
		{E150F80D-49D8-432A-8872-70A52C15E305}.Release|Any CPU.ActiveCfg = Release|Any CPU
		{E150F80D-49D8-432A-8872-70A52C15E305}.Release|Any CPU.Build.0 = Release|Any CPU
		{FB65F286-FBE9-4DCC-A057-6F344BB3B28A}.Debug|Any CPU.ActiveCfg = Debug|Any CPU
		{FB65F286-FBE9-4DCC-A057-6F344BB3B28A}.Debug|Any CPU.Build.0 = Debug|Any CPU
		{FB65F286-FBE9-4DCC-A057-6F344BB3B28A}.Release|Any CPU.ActiveCfg = Release|Any CPU
		{FB65F286-FBE9-4DCC-A057-6F344BB3B28A}.Release|Any CPU.Build.0 = Release|Any CPU
		{40111E59-5CB4-486C-9ABD-F3D0115BC9A4}.Debug|Any CPU.ActiveCfg = Debug|Any CPU
		{40111E59-5CB4-486C-9ABD-F3D0115BC9A4}.Debug|Any CPU.Build.0 = Debug|Any CPU
		{40111E59-5CB4-486C-9ABD-F3D0115BC9A4}.Release|Any CPU.ActiveCfg = Release|Any CPU
		{40111E59-5CB4-486C-9ABD-F3D0115BC9A4}.Release|Any CPU.Build.0 = Release|Any CPU
		{3DB5023F-E4E3-41FA-8F0B-2FDBF44E96F0}.Debug|Any CPU.ActiveCfg = Debug|Any CPU
		{3DB5023F-E4E3-41FA-8F0B-2FDBF44E96F0}.Debug|Any CPU.Build.0 = Debug|Any CPU
		{3DB5023F-E4E3-41FA-8F0B-2FDBF44E96F0}.Release|Any CPU.ActiveCfg = Release|Any CPU
		{3DB5023F-E4E3-41FA-8F0B-2FDBF44E96F0}.Release|Any CPU.Build.0 = Release|Any CPU
	EndGlobalSection
	GlobalSection(SolutionProperties) = preSolution
		HideSolutionNode = FALSE
	EndGlobalSection
	GlobalSection(ExtensibilityGlobals) = postSolution
		SolutionGuid = {12C21648-EE2F-4F4C-92F7-8A1D7C162824}
	EndGlobalSection
EndGlobal
